
Microsoft Visual Studio Solution File, Format Version 12.00
# Visual Studio 15
Project("{FAE04EC0-301F-11D3-BF4B-00C04F79EFBC}") = "UnityEngine.TestRunner", "UnityEngine.TestRunner.csproj", "{38F7E65F-F6DD-E20E-5797-3734338C43AC}"
EndProject
Project("{FAE04EC0-301F-11D3-BF4B-00C04F79EFBC}") = "UnityEngine.UI", "UnityEngine.UI.csproj", "{6348220C-4C44-146A-87B7-62F5A9937BC6}"
EndProject
Project("{FAE04EC0-301F-11D3-BF4B-00C04F79EFBC}") = "Unity.VisualScripting.State", "Unity.VisualScripting.State.csproj", "{A2C60E77-5D41-1353-C36C-6992438EE25A}"
EndProject
Project("{FAE04EC0-301F-11D3-BF4B-00C04F79EFBC}") = "Unity.VisualScripting.Core", "Unity.VisualScripting.Core.csproj", "{1E0DC321-75D5-8E4D-8CF7-825F1341BD93}"
EndProject
Project("{FAE04EC0-301F-11D3-BF4B-00C04F79EFBC}") = "Unity.VisualScripting.Flow", "Unity.VisualScripting.Flow.csproj", "{C778EDF1-39C1-CB6A-4EA2-D04B68A00599}"
EndProject
Project("{FAE04EC0-301F-11D3-BF4B-00C04F79EFBC}") = "Unity.TextMeshPro", "Unity.TextMeshPro.csproj", "{553BF558-E212-C6BC-C84E-85F5003CE241}"
EndProject
Project("{FAE04EC0-301F-11D3-BF4B-00C04F79EFBC}") = "Unity.Timeline", "Unity.Timeline.csproj", "{FEA36F72-9097-0F43-44D5-B103545D3E9A}"
EndProject
Project("{FAE04EC0-301F-11D3-BF4B-00C04F79EFBC}") = "Assembly-CSharp", "Assembly-CSharp.csproj", "{7BC47EC4-ADA4-66F5-BC4B-7C48E1C4B544}"
EndProject
Project("{FAE04EC0-301F-11D3-BF4B-00C04F79EFBC}") = "Unity.PlasticSCM.Editor", "Unity.PlasticSCM.Editor.csproj", "{C7952B62-CDCD-5CA2-2CF7-B691C5899833}"
EndProject
Project("{FAE04EC0-301F-11D3-BF4B-00C04F79EFBC}") = "Unity.VisualScripting.Core.Editor", "Unity.VisualScripting.Core.Editor.csproj", "{8FF5E3ED-324A-FF75-C7BA-A28FCE204F73}"
EndProject
Project("{FAE04EC0-301F-11D3-BF4B-00C04F79EFBC}") = "Unity.VisualStudio.Editor", "Unity.VisualStudio.Editor.csproj", "{85DA130F-160B-B7A2-C94C-4266277DC70D}"
EndProject
Project("{FAE04EC0-301F-11D3-BF4B-00C04F79EFBC}") = "Unity.Timeline.Editor", "Unity.Timeline.Editor.csproj", "{8DECF30B-BFCB-23D4-6EBD-172F0C0D91EB}"
EndProject
Project("{FAE04EC0-301F-11D3-BF4B-00C04F79EFBC}") = "Unity.VisualScripting.State.Editor", "Unity.VisualScripting.State.Editor.csproj", "{B66138AC-3A67-7549-E1DA-AD2802DE98D1}"
EndProject
Project("{FAE04EC0-301F-11D3-BF4B-00C04F79EFBC}") = "Unity.TextMeshPro.Editor", "Unity.TextMeshPro.Editor.csproj", "{F39DEFC6-8366-22CC-0F5A-01B00E258D22}"
EndProject
Project("{FAE04EC0-301F-11D3-BF4B-00C04F79EFBC}") = "VSSettingsProvider", "VSSettingsProvider.csproj", "{4185C28D-BFED-822D-9BE9-7753C8AF9D7E}"
EndProject
Project("{FAE04EC0-301F-11D3-BF4B-00C04F79EFBC}") = "Unity.CollabProxy.Editor", "Unity.CollabProxy.Editor.csproj", "{47585DAA-FD5D-E147-FC8A-9FF88B9B5207}"
EndProject
Project("{FAE04EC0-301F-11D3-BF4B-00C04F79EFBC}") = "UnityEditor.TestRunner", "UnityEditor.TestRunner.csproj", "{8E056A82-585E-38F5-556A-F633D485A133}"
EndProject
Project("{FAE04EC0-301F-11D3-BF4B-00C04F79EFBC}") = "Unity.VisualScripting.Flow.Editor", "Unity.VisualScripting.Flow.Editor.csproj", "{C40449FC-780D-1C9D-7338-00586F135512}"
EndProject
Project("{FAE04EC0-301F-11D3-BF4B-00C04F79EFBC}") = "Unity.Rider.Editor", "Unity.Rider.Editor.csproj", "{5E2ECFA6-2565-05CF-4A69-D6D548A29D80}"
EndProject
Project("{FAE04EC0-301F-11D3-BF4B-00C04F79EFBC}") = "Unity.VSCode.Editor", "Unity.VSCode.Editor.csproj", "{684CD3C4-EE76-97BC-7992-6385E606B304}"
EndProject
Project("{FAE04EC0-301F-11D3-BF4B-00C04F79EFBC}") = "UnityEditor.UI", "UnityEditor.UI.csproj", "{19891B4F-14DF-3FF4-EA5C-5CA959C4C7AD}"
EndProject
Project("{FAE04EC0-301F-11D3-BF4B-00C04F79EFBC}") = "UnityEngine.TestRunner", "UnityEngine.TestRunner.Player.csproj", "{462CA123-D3F5-AAC9-FE10-C56C89161D3F}"
EndProject
Project("{FAE04EC0-301F-11D3-BF4B-00C04F79EFBC}") = "UnityEngine.UI", "UnityEngine.UI.Player.csproj", "{A3C2943C-B6B2-BA67-1F8C-372BC386A8A0}"
EndProject
Project("{FAE04EC0-301F-11D3-BF4B-00C04F79EFBC}") = "Unity.VisualScripting.State", "Unity.VisualScripting.State.Player.csproj", "{BB09FA8A-CE04-39FF-3984-50F78E81BE63}"
EndProject
Project("{FAE04EC0-301F-11D3-BF4B-00C04F79EFBC}") = "Unity.VisualScripting.Core", "Unity.VisualScripting.Core.Player.csproj", "{A265F99E-9DD0-5AD5-12B0-20ECFA587C30}"
EndProject
Project("{FAE04EC0-301F-11D3-BF4B-00C04F79EFBC}") = "Unity.VisualScripting.Flow", "Unity.VisualScripting.Flow.Player.csproj", "{3F42EBFF-A0F3-38B2-5839-E7D9B9F2449A}"
EndProject
Project("{FAE04EC0-301F-11D3-BF4B-00C04F79EFBC}") = "Unity.TextMeshPro", "Unity.TextMeshPro.Player.csproj", "{B54A243A-66AD-C3A3-78D9-2A9FE93FDDE6}"
EndProject
Project("{FAE04EC0-301F-11D3-BF4B-00C04F79EFBC}") = "Unity.Timeline", "Unity.Timeline.Player.csproj", "{5C21C2C0-88C3-66D5-33D0-19FEF76B6907}"
EndProject
Project("{FAE04EC0-301F-11D3-BF4B-00C04F79EFBC}") = "Assembly-CSharp", "Assembly-CSharp.Player.csproj", "{404AC9E4-582B-C238-E536-CC96594818D1}"
EndProject
Global
	GlobalSection(SolutionConfigurationPlatforms) = preSolution
		Debug|Any CPU = Debug|Any CPU
		Release|Any CPU = Release|Any CPU
	EndGlobalSection
	GlobalSection(ProjectConfigurationPlatforms) = postSolution
		{38F7E65F-F6DD-E20E-5797-3734338C43AC}.Debug|Any CPU.ActiveCfg = Debug|Any CPU
		{38F7E65F-F6DD-E20E-5797-3734338C43AC}.Debug|Any CPU.Build.0 = Debug|Any CPU
		{38F7E65F-F6DD-E20E-5797-3734338C43AC}.Release|Any CPU.ActiveCfg = Release|Any CPU
		{38F7E65F-F6DD-E20E-5797-3734338C43AC}.Release|Any CPU.Build.0 = Release|Any CPU
		{6348220C-4C44-146A-87B7-62F5A9937BC6}.Debug|Any CPU.ActiveCfg = Debug|Any CPU
		{6348220C-4C44-146A-87B7-62F5A9937BC6}.Debug|Any CPU.Build.0 = Debug|Any CPU
		{6348220C-4C44-146A-87B7-62F5A9937BC6}.Release|Any CPU.ActiveCfg = Release|Any CPU
		{6348220C-4C44-146A-87B7-62F5A9937BC6}.Release|Any CPU.Build.0 = Release|Any CPU
		{A2C60E77-5D41-1353-C36C-6992438EE25A}.Debug|Any CPU.ActiveCfg = Debug|Any CPU
		{A2C60E77-5D41-1353-C36C-6992438EE25A}.Debug|Any CPU.Build.0 = Debug|Any CPU
		{A2C60E77-5D41-1353-C36C-6992438EE25A}.Release|Any CPU.ActiveCfg = Release|Any CPU
		{A2C60E77-5D41-1353-C36C-6992438EE25A}.Release|Any CPU.Build.0 = Release|Any CPU
		{1E0DC321-75D5-8E4D-8CF7-825F1341BD93}.Debug|Any CPU.ActiveCfg = Debug|Any CPU
		{1E0DC321-75D5-8E4D-8CF7-825F1341BD93}.Debug|Any CPU.Build.0 = Debug|Any CPU
		{1E0DC321-75D5-8E4D-8CF7-825F1341BD93}.Release|Any CPU.ActiveCfg = Release|Any CPU
		{1E0DC321-75D5-8E4D-8CF7-825F1341BD93}.Release|Any CPU.Build.0 = Release|Any CPU
		{C778EDF1-39C1-CB6A-4EA2-D04B68A00599}.Debug|Any CPU.ActiveCfg = Debug|Any CPU
		{C778EDF1-39C1-CB6A-4EA2-D04B68A00599}.Debug|Any CPU.Build.0 = Debug|Any CPU
		{C778EDF1-39C1-CB6A-4EA2-D04B68A00599}.Release|Any CPU.ActiveCfg = Release|Any CPU
		{C778EDF1-39C1-CB6A-4EA2-D04B68A00599}.Release|Any CPU.Build.0 = Release|Any CPU
		{553BF558-E212-C6BC-C84E-85F5003CE241}.Debug|Any CPU.ActiveCfg = Debug|Any CPU
		{553BF558-E212-C6BC-C84E-85F5003CE241}.Debug|Any CPU.Build.0 = Debug|Any CPU
		{553BF558-E212-C6BC-C84E-85F5003CE241}.Release|Any CPU.ActiveCfg = Release|Any CPU
		{553BF558-E212-C6BC-C84E-85F5003CE241}.Release|Any CPU.Build.0 = Release|Any CPU
		{FEA36F72-9097-0F43-44D5-B103545D3E9A}.Debug|Any CPU.ActiveCfg = Debug|Any CPU
		{FEA36F72-9097-0F43-44D5-B103545D3E9A}.Debug|Any CPU.Build.0 = Debug|Any CPU
		{FEA36F72-9097-0F43-44D5-B103545D3E9A}.Release|Any CPU.ActiveCfg = Release|Any CPU
		{FEA36F72-9097-0F43-44D5-B103545D3E9A}.Release|Any CPU.Build.0 = Release|Any CPU
		{7BC47EC4-ADA4-66F5-BC4B-7C48E1C4B544}.Debug|Any CPU.ActiveCfg = Debug|Any CPU
		{7BC47EC4-ADA4-66F5-BC4B-7C48E1C4B544}.Debug|Any CPU.Build.0 = Debug|Any CPU
		{7BC47EC4-ADA4-66F5-BC4B-7C48E1C4B544}.Release|Any CPU.ActiveCfg = Release|Any CPU
		{7BC47EC4-ADA4-66F5-BC4B-7C48E1C4B544}.Release|Any CPU.Build.0 = Release|Any CPU
		{C7952B62-CDCD-5CA2-2CF7-B691C5899833}.Debug|Any CPU.ActiveCfg = Debug|Any CPU
		{C7952B62-CDCD-5CA2-2CF7-B691C5899833}.Debug|Any CPU.Build.0 = Debug|Any CPU
		{C7952B62-CDCD-5CA2-2CF7-B691C5899833}.Release|Any CPU.ActiveCfg = Release|Any CPU
		{C7952B62-CDCD-5CA2-2CF7-B691C5899833}.Release|Any CPU.Build.0 = Release|Any CPU
		{8FF5E3ED-324A-FF75-C7BA-A28FCE204F73}.Debug|Any CPU.ActiveCfg = Debug|Any CPU
		{8FF5E3ED-324A-FF75-C7BA-A28FCE204F73}.Debug|Any CPU.Build.0 = Debug|Any CPU
		{8FF5E3ED-324A-FF75-C7BA-A28FCE204F73}.Release|Any CPU.ActiveCfg = Release|Any CPU
		{8FF5E3ED-324A-FF75-C7BA-A28FCE204F73}.Release|Any CPU.Build.0 = Release|Any CPU
		{85DA130F-160B-B7A2-C94C-4266277DC70D}.Debug|Any CPU.ActiveCfg = Debug|Any CPU
		{85DA130F-160B-B7A2-C94C-4266277DC70D}.Debug|Any CPU.Build.0 = Debug|Any CPU
		{85DA130F-160B-B7A2-C94C-4266277DC70D}.Release|Any CPU.ActiveCfg = Release|Any CPU
		{85DA130F-160B-B7A2-C94C-4266277DC70D}.Release|Any CPU.Build.0 = Release|Any CPU
		{8DECF30B-BFCB-23D4-6EBD-172F0C0D91EB}.Debug|Any CPU.ActiveCfg = Debug|Any CPU
		{8DECF30B-BFCB-23D4-6EBD-172F0C0D91EB}.Debug|Any CPU.Build.0 = Debug|Any CPU
		{8DECF30B-BFCB-23D4-6EBD-172F0C0D91EB}.Release|Any CPU.ActiveCfg = Release|Any CPU
		{8DECF30B-BFCB-23D4-6EBD-172F0C0D91EB}.Release|Any CPU.Build.0 = Release|Any CPU
		{B66138AC-3A67-7549-E1DA-AD2802DE98D1}.Debug|Any CPU.ActiveCfg = Debug|Any CPU
		{B66138AC-3A67-7549-E1DA-AD2802DE98D1}.Debug|Any CPU.Build.0 = Debug|Any CPU
		{B66138AC-3A67-7549-E1DA-AD2802DE98D1}.Release|Any CPU.ActiveCfg = Release|Any CPU
		{B66138AC-3A67-7549-E1DA-AD2802DE98D1}.Release|Any CPU.Build.0 = Release|Any CPU
		{F39DEFC6-8366-22CC-0F5A-01B00E258D22}.Debug|Any CPU.ActiveCfg = Debug|Any CPU
		{F39DEFC6-8366-22CC-0F5A-01B00E258D22}.Debug|Any CPU.Build.0 = Debug|Any CPU
		{F39DEFC6-8366-22CC-0F5A-01B00E258D22}.Release|Any CPU.ActiveCfg = Release|Any CPU
		{F39DEFC6-8366-22CC-0F5A-01B00E258D22}.Release|Any CPU.Build.0 = Release|Any CPU
		{4185C28D-BFED-822D-9BE9-7753C8AF9D7E}.Debug|Any CPU.ActiveCfg = Debug|Any CPU
		{4185C28D-BFED-822D-9BE9-7753C8AF9D7E}.Debug|Any CPU.Build.0 = Debug|Any CPU
		{4185C28D-BFED-822D-9BE9-7753C8AF9D7E}.Release|Any CPU.ActiveCfg = Release|Any CPU
		{4185C28D-BFED-822D-9BE9-7753C8AF9D7E}.Release|Any CPU.Build.0 = Release|Any CPU
		{47585DAA-FD5D-E147-FC8A-9FF88B9B5207}.Debug|Any CPU.ActiveCfg = Debug|Any CPU
		{47585DAA-FD5D-E147-FC8A-9FF88B9B5207}.Debug|Any CPU.Build.0 = Debug|Any CPU
		{47585DAA-FD5D-E147-FC8A-9FF88B9B5207}.Release|Any CPU.ActiveCfg = Release|Any CPU
		{47585DAA-FD5D-E147-FC8A-9FF88B9B5207}.Release|Any CPU.Build.0 = Release|Any CPU
		{8E056A82-585E-38F5-556A-F633D485A133}.Debug|Any CPU.ActiveCfg = Debug|Any CPU
		{8E056A82-585E-38F5-556A-F633D485A133}.Debug|Any CPU.Build.0 = Debug|Any CPU
		{8E056A82-585E-38F5-556A-F633D485A133}.Release|Any CPU.ActiveCfg = Release|Any CPU
		{8E056A82-585E-38F5-556A-F633D485A133}.Release|Any CPU.Build.0 = Release|Any CPU
		{C40449FC-780D-1C9D-7338-00586F135512}.Debug|Any CPU.ActiveCfg = Debug|Any CPU
		{C40449FC-780D-1C9D-7338-00586F135512}.Debug|Any CPU.Build.0 = Debug|Any CPU
		{C40449FC-780D-1C9D-7338-00586F135512}.Release|Any CPU.ActiveCfg = Release|Any CPU
		{C40449FC-780D-1C9D-7338-00586F135512}.Release|Any CPU.Build.0 = Release|Any CPU
		{5E2ECFA6-2565-05CF-4A69-D6D548A29D80}.Debug|Any CPU.ActiveCfg = Debug|Any CPU
		{5E2ECFA6-2565-05CF-4A69-D6D548A29D80}.Debug|Any CPU.Build.0 = Debug|Any CPU
		{5E2ECFA6-2565-05CF-4A69-D6D548A29D80}.Release|Any CPU.ActiveCfg = Release|Any CPU
		{5E2ECFA6-2565-05CF-4A69-D6D548A29D80}.Release|Any CPU.Build.0 = Release|Any CPU
		{684CD3C4-EE76-97BC-7992-6385E606B304}.Debug|Any CPU.ActiveCfg = Debug|Any CPU
		{684CD3C4-EE76-97BC-7992-6385E606B304}.Debug|Any CPU.Build.0 = Debug|Any CPU
		{684CD3C4-EE76-97BC-7992-6385E606B304}.Release|Any CPU.ActiveCfg = Release|Any CPU
		{684CD3C4-EE76-97BC-7992-6385E606B304}.Release|Any CPU.Build.0 = Release|Any CPU
		{19891B4F-14DF-3FF4-EA5C-5CA959C4C7AD}.Debug|Any CPU.ActiveCfg = Debug|Any CPU
		{19891B4F-14DF-3FF4-EA5C-5CA959C4C7AD}.Debug|Any CPU.Build.0 = Debug|Any CPU
		{19891B4F-14DF-3FF4-EA5C-5CA959C4C7AD}.Release|Any CPU.ActiveCfg = Release|Any CPU
		{19891B4F-14DF-3FF4-EA5C-5CA959C4C7AD}.Release|Any CPU.Build.0 = Release|Any CPU
		{462CA123-D3F5-AAC9-FE10-C56C89161D3F}.Debug|Any CPU.ActiveCfg = Debug|Any CPU
		{462CA123-D3F5-AAC9-FE10-C56C89161D3F}.Debug|Any CPU.Build.0 = Debug|Any CPU
		{462CA123-D3F5-AAC9-FE10-C56C89161D3F}.Release|Any CPU.ActiveCfg = Release|Any CPU
		{462CA123-D3F5-AAC9-FE10-C56C89161D3F}.Release|Any CPU.Build.0 = Release|Any CPU
		{A3C2943C-B6B2-BA67-1F8C-372BC386A8A0}.Debug|Any CPU.ActiveCfg = Debug|Any CPU
		{A3C2943C-B6B2-BA67-1F8C-372BC386A8A0}.Debug|Any CPU.Build.0 = Debug|Any CPU
		{A3C2943C-B6B2-BA67-1F8C-372BC386A8A0}.Release|Any CPU.ActiveCfg = Release|Any CPU
		{A3C2943C-B6B2-BA67-1F8C-372BC386A8A0}.Release|Any CPU.Build.0 = Release|Any CPU
		{BB09FA8A-CE04-39FF-3984-50F78E81BE63}.Debug|Any CPU.ActiveCfg = Debug|Any CPU
		{BB09FA8A-CE04-39FF-3984-50F78E81BE63}.Debug|Any CPU.Build.0 = Debug|Any CPU
		{BB09FA8A-CE04-39FF-3984-50F78E81BE63}.Release|Any CPU.ActiveCfg = Release|Any CPU
		{BB09FA8A-CE04-39FF-3984-50F78E81BE63}.Release|Any CPU.Build.0 = Release|Any CPU
		{A265F99E-9DD0-5AD5-12B0-20ECFA587C30}.Debug|Any CPU.ActiveCfg = Debug|Any CPU
		{A265F99E-9DD0-5AD5-12B0-20ECFA587C30}.Debug|Any CPU.Build.0 = Debug|Any CPU
		{A265F99E-9DD0-5AD5-12B0-20ECFA587C30}.Release|Any CPU.ActiveCfg = Release|Any CPU
		{A265F99E-9DD0-5AD5-12B0-20ECFA587C30}.Release|Any CPU.Build.0 = Release|Any CPU
		{3F42EBFF-A0F3-38B2-5839-E7D9B9F2449A}.Debug|Any CPU.ActiveCfg = Debug|Any CPU
		{3F42EBFF-A0F3-38B2-5839-E7D9B9F2449A}.Debug|Any CPU.Build.0 = Debug|Any CPU
		{3F42EBFF-A0F3-38B2-5839-E7D9B9F2449A}.Release|Any CPU.ActiveCfg = Release|Any CPU
		{3F42EBFF-A0F3-38B2-5839-E7D9B9F2449A}.Release|Any CPU.Build.0 = Release|Any CPU
		{B54A243A-66AD-C3A3-78D9-2A9FE93FDDE6}.Debug|Any CPU.ActiveCfg = Debug|Any CPU
		{B54A243A-66AD-C3A3-78D9-2A9FE93FDDE6}.Debug|Any CPU.Build.0 = Debug|Any CPU
		{B54A243A-66AD-C3A3-78D9-2A9FE93FDDE6}.Release|Any CPU.ActiveCfg = Release|Any CPU
		{B54A243A-66AD-C3A3-78D9-2A9FE93FDDE6}.Release|Any CPU.Build.0 = Release|Any CPU
		{5C21C2C0-88C3-66D5-33D0-19FEF76B6907}.Debug|Any CPU.ActiveCfg = Debug|Any CPU
		{5C21C2C0-88C3-66D5-33D0-19FEF76B6907}.Debug|Any CPU.Build.0 = Debug|Any CPU
		{5C21C2C0-88C3-66D5-33D0-19FEF76B6907}.Release|Any CPU.ActiveCfg = Release|Any CPU
		{5C21C2C0-88C3-66D5-33D0-19FEF76B6907}.Release|Any CPU.Build.0 = Release|Any CPU
		{404AC9E4-582B-C238-E536-CC96594818D1}.Debug|Any CPU.ActiveCfg = Debug|Any CPU
		{404AC9E4-582B-C238-E536-CC96594818D1}.Debug|Any CPU.Build.0 = Debug|Any CPU
		{404AC9E4-582B-C238-E536-CC96594818D1}.Release|Any CPU.ActiveCfg = Release|Any CPU
		{404AC9E4-582B-C238-E536-CC96594818D1}.Release|Any CPU.Build.0 = Release|Any CPU
	EndGlobalSection
	GlobalSection(SolutionProperties) = preSolution
		HideSolutionNode = FALSE
	EndGlobalSection
EndGlobal
